
Microsoft Visual Studio Solution File, Format Version 12.00
# Visual Studio Version 17
VisualStudioVersion = 17.0.32126.317
MinimumVisualStudioVersion = 10.0.40219.1
Project("{FAE04EC0-301F-11D3-BF4B-00C04F79EFBC}") = "BookStore", "BookStore\BookStore.csproj", "{8FF70A50-2D91-4DE2-A450-D0CF1A691751}"
EndProject
Project("{9A19103F-16F7-4668-BE54-9A1E7A4F7556}") = "BookStoreLib", "BookStoreLib\BookStoreLib.csproj", "{ED90A5D7-E1C1-414A-9BD5-61221A1FD967}"
EndProject
Project("{FAE04EC0-301F-11D3-BF4B-00C04F79EFBC}") = "BS xUnit", "BS xUnit\BS xUnit.csproj", "{7F88F9E2-633C-4608-8771-BE43EE9BD253}"
EndProject
Global
	GlobalSection(SolutionConfigurationPlatforms) = preSolution
		Debug|Any CPU = Debug|Any CPU
		Release|Any CPU = Release|Any CPU
	EndGlobalSection
	GlobalSection(ProjectConfigurationPlatforms) = postSolution
		{8FF70A50-2D91-4DE2-A450-D0CF1A691751}.Debug|Any CPU.ActiveCfg = Debug|Any CPU
		{8FF70A50-2D91-4DE2-A450-D0CF1A691751}.Debug|Any CPU.Build.0 = Debug|Any CPU
		{8FF70A50-2D91-4DE2-A450-D0CF1A691751}.Release|Any CPU.ActiveCfg = Release|Any CPU
		{8FF70A50-2D91-4DE2-A450-D0CF1A691751}.Release|Any CPU.Build.0 = Release|Any CPU
		{ED90A5D7-E1C1-414A-9BD5-61221A1FD967}.Debug|Any CPU.ActiveCfg = Debug|Any CPU
		{ED90A5D7-E1C1-414A-9BD5-61221A1FD967}.Debug|Any CPU.Build.0 = Debug|Any CPU
		{ED90A5D7-E1C1-414A-9BD5-61221A1FD967}.Release|Any CPU.ActiveCfg = Release|Any CPU
		{ED90A5D7-E1C1-414A-9BD5-61221A1FD967}.Release|Any CPU.Build.0 = Release|Any CPU
		{7F88F9E2-633C-4608-8771-BE43EE9BD253}.Debug|Any CPU.ActiveCfg = Debug|Any CPU
		{7F88F9E2-633C-4608-8771-BE43EE9BD253}.Debug|Any CPU.Build.0 = Debug|Any CPU
		{7F88F9E2-633C-4608-8771-BE43EE9BD253}.Release|Any CPU.ActiveCfg = Release|Any CPU
		{7F88F9E2-633C-4608-8771-BE43EE9BD253}.Release|Any CPU.Build.0 = Release|Any CPU
	EndGlobalSection
	GlobalSection(SolutionProperties) = preSolution
		HideSolutionNode = FALSE
	EndGlobalSection
	GlobalSection(ExtensibilityGlobals) = postSolution
		SolutionGuid = {BBC96F18-92ED-4D83-A937-3E45744AC57B}
	EndGlobalSection
EndGlobal
